
Microsoft Visual Studio Solution File, Format Version 12.00
# Visual Studio Version 17
VisualStudioVersion = 17.0.31903.59
MinimumVisualStudioVersion = 10.0.40219.1
Project("{2150E333-8FDC-42A3-9474-1A3956D46DE8}") = "src", "src", "{CBC3BA76-E549-44E8-A158-483A6A189ECA}"
EndProject
Project("{FAE04EC0-301F-11D3-BF4B-00C04F79EFBC}") = "PDFGeek", "src\PDFGeek\PDFGeek.csproj", "{BB97BC28-AE57-4B6B-B72A-A9590D5F5AE2}"
EndProject
Project("{FAE04EC0-301F-11D3-BF4B-00C04F79EFBC}") = "TechyGeeksHome.Common", "src\TechyGeeksHome.Common\TechyGeeksHome.Common.csproj", "{4A8CFAF4-DF34-4077-82B0-679C4EB56B61}"
EndProject
Project("{2150E333-8FDC-42A3-9474-1A3956D46DE8}") = "tests", "tests", "{DF0C86FF-D5C9-45E8-8C25-E8F72BB64F0B}"
EndProject
Project("{FAE04EC0-301F-11D3-BF4B-00C04F79EFBC}") = "PDFGeek.Smoke", "tests\PDFGeek.Smoke\PDFGeek.Smoke.csproj", "{17F29A65-BB16-4C19-AA45-98D8BF25D6C4}"
EndProject
Global
	GlobalSection(SolutionConfigurationPlatforms) = preSolution
		Debug|Any CPU = Debug|Any CPU
		Release|Any CPU = Release|Any CPU
	EndGlobalSection
	GlobalSection(SolutionProperties) = preSolution
		HideSolutionNode = FALSE
	EndGlobalSection
	GlobalSection(ProjectConfigurationPlatforms) = postSolution
		{BB97BC28-AE57-4B6B-B72A-A9590D5F5AE2}.Debug|Any CPU.ActiveCfg = Debug|Any CPU
		{BB97BC28-AE57-4B6B-B72A-A9590D5F5AE2}.Debug|Any CPU.Build.0 = Debug|Any CPU
		{BB97BC28-AE57-4B6B-B72A-A9590D5F5AE2}.Release|Any CPU.ActiveCfg = Release|Any CPU
		{BB97BC28-AE57-4B6B-B72A-A9590D5F5AE2}.Release|Any CPU.Build.0 = Release|Any CPU
		{4A8CFAF4-DF34-4077-82B0-679C4EB56B61}.Debug|Any CPU.ActiveCfg = Debug|Any CPU
		{4A8CFAF4-DF34-4077-82B0-679C4EB56B61}.Debug|Any CPU.Build.0 = Debug|Any CPU
		{4A8CFAF4-DF34-4077-82B0-679C4EB56B61}.Release|Any CPU.ActiveCfg = Release|Any CPU
		{4A8CFAF4-DF34-4077-82B0-679C4EB56B61}.Release|Any CPU.Build.0 = Release|Any CPU
		{17F29A65-BB16-4C19-AA45-98D8BF25D6C4}.Debug|Any CPU.ActiveCfg = Debug|Any CPU
		{17F29A65-BB16-4C19-AA45-98D8BF25D6C4}.Debug|Any CPU.Build.0 = Debug|Any CPU
		{17F29A65-BB16-4C19-AA45-98D8BF25D6C4}.Release|Any CPU.ActiveCfg = Release|Any CPU
		{17F29A65-BB16-4C19-AA45-98D8BF25D6C4}.Release|Any CPU.Build.0 = Release|Any CPU
	EndGlobalSection
	GlobalSection(NestedProjects) = preSolution
		{BB97BC28-AE57-4B6B-B72A-A9590D5F5AE2} = {CBC3BA76-E549-44E8-A158-483A6A189ECA}
		{4A8CFAF4-DF34-4077-82B0-679C4EB56B61} = {CBC3BA76-E549-44E8-A158-483A6A189ECA}
		{17F29A65-BB16-4C19-AA45-98D8BF25D6C4} = {DF0C86FF-D5C9-45E8-8C25-E8F72BB64F0B}
	EndGlobalSection
EndGlobal
